
Microsoft Visual Studio Solution File, Format Version 12.00
# Visual Studio Version 17
VisualStudioVersion = 17.9.34723.18
MinimumVisualStudioVersion = 10.0.40219.1
Project("{FAE04EC0-301F-11D3-BF4B-00C04F79EFBC}") = "ChatServer", "ChatServer\ChatServer.csproj", "{34A99133-0A63-429E-9162-37B840C240BC}"
EndProject
Project("{FAE04EC0-301F-11D3-BF4B-00C04F79EFBC}") = "ChatClient", "ChatClient\ChatClient.csproj", "{F47240F4-3CF6-4CF0-92DF-00B58E36778B}"
EndProject
Global
	GlobalSection(SolutionConfigurationPlatforms) = preSolution
		Debug|Any CPU = Debug|Any CPU
		Release|Any CPU = Release|Any CPU
	EndGlobalSection
	GlobalSection(ProjectConfigurationPlatforms) = postSolution
		{34A99133-0A63-429E-9162-37B840C240BC}.Debug|Any CPU.ActiveCfg = Debug|Any CPU
		{34A99133-0A63-429E-9162-37B840C240BC}.Debug|Any CPU.Build.0 = Debug|Any CPU
		{34A99133-0A63-429E-9162-37B840C240BC}.Release|Any CPU.ActiveCfg = Release|Any CPU
		{34A99133-0A63-429E-9162-37B840C240BC}.Release|Any CPU.Build.0 = Release|Any CPU
		{F47240F4-3CF6-4CF0-92DF-00B58E36778B}.Debug|Any CPU.ActiveCfg = Debug|Any CPU
		{F47240F4-3CF6-4CF0-92DF-00B58E36778B}.Debug|Any CPU.Build.0 = Debug|Any CPU
		{F47240F4-3CF6-4CF0-92DF-00B58E36778B}.Debug|Any CPU.Deploy.0 = Debug|Any CPU
		{F47240F4-3CF6-4CF0-92DF-00B58E36778B}.Release|Any CPU.ActiveCfg = Release|Any CPU
		{F47240F4-3CF6-4CF0-92DF-00B58E36778B}.Release|Any CPU.Build.0 = Release|Any CPU
		{F47240F4-3CF6-4CF0-92DF-00B58E36778B}.Release|Any CPU.Deploy.0 = Release|Any CPU
	EndGlobalSection
	GlobalSection(SolutionProperties) = preSolution
		HideSolutionNode = FALSE
	EndGlobalSection
	GlobalSection(ExtensibilityGlobals) = postSolution
		SolutionGuid = {3E39C431-589F-49FD-8479-ACE4FD408786}
	EndGlobalSection
EndGlobal
